
Microsoft Visual Studio Solution File, Format Version 12.00
# Visual Studio Version 17
VisualStudioVersion = 17.10.34928.147
MinimumVisualStudioVersion = 10.0.40219.1
Project("{9A19103F-16F7-4668-BE54-9A1E7A4F7556}") = "OpenCode", "OpenCode\OpenCode.csproj", "{F0CCD23E-6CD4-4CE8-899C-E4131FF6ECD8}"
EndProject
Project("{9A19103F-16F7-4668-BE54-9A1E7A4F7556}") = "OpenCode.Tests", "OpenCode.Tests\OpenCode.Tests.csproj", "{E311FB84-43E7-440B-97F9-26DC1F6C889C}"
EndProject
Project("{2150E333-8FDC-42A3-9474-1A3956D46DE8}") = "Solution items", "Solution items", "{E734A137-E040-43FE-9578-3A68314F3809}"
	ProjectSection(SolutionItems) = preProject
		README.md = README.md
	EndProjectSection
EndProject
Global
	GlobalSection(SolutionConfigurationPlatforms) = preSolution
		Debug|Any CPU = Debug|Any CPU
		Release|Any CPU = Release|Any CPU
	EndGlobalSection
	GlobalSection(ProjectConfigurationPlatforms) = postSolution
		{F0CCD23E-6CD4-4CE8-899C-E4131FF6ECD8}.Debug|Any CPU.ActiveCfg = Debug|Any CPU
		{F0CCD23E-6CD4-4CE8-899C-E4131FF6ECD8}.Debug|Any CPU.Build.0 = Debug|Any CPU
		{F0CCD23E-6CD4-4CE8-899C-E4131FF6ECD8}.Release|Any CPU.ActiveCfg = Release|Any CPU
		{F0CCD23E-6CD4-4CE8-899C-E4131FF6ECD8}.Release|Any CPU.Build.0 = Release|Any CPU
		{E311FB84-43E7-440B-97F9-26DC1F6C889C}.Debug|Any CPU.ActiveCfg = Debug|Any CPU
		{E311FB84-43E7-440B-97F9-26DC1F6C889C}.Debug|Any CPU.Build.0 = Debug|Any CPU
		{E311FB84-43E7-440B-97F9-26DC1F6C889C}.Release|Any CPU.ActiveCfg = Release|Any CPU
		{E311FB84-43E7-440B-97F9-26DC1F6C889C}.Release|Any CPU.Build.0 = Release|Any CPU
	EndGlobalSection
	GlobalSection(SolutionProperties) = preSolution
		HideSolutionNode = FALSE
	EndGlobalSection
	GlobalSection(ExtensibilityGlobals) = postSolution
		SolutionGuid = {C783F76F-C085-43DA-8513-B79ED995107A}
	EndGlobalSection
EndGlobal
